
Microsoft Visual Studio Solution File, Format Version 12.00
# Visual Studio 15
VisualStudioVersion = 15.0.27703.2026
MinimumVisualStudioVersion = 10.0.40219.1
Project("{FAE04EC0-301F-11D3-BF4B-00C04F79EFBC}") = "AutomationSuite", "EMWAutomationSuite\AutomationSuite.csproj", "{DE9275FB-A0D8-4919-8A18-78673CCFBC51}"
EndProject
Global
	GlobalSection(SolutionConfigurationPlatforms) = preSolution
		Debug|Any CPU = Debug|Any CPU
		Release|Any CPU = Release|Any CPU
	EndGlobalSection
	GlobalSection(ProjectConfigurationPlatforms) = postSolution
		{DE9275FB-A0D8-4919-8A18-78673CCFBC51}.Debug|Any CPU.ActiveCfg = Debug|Any CPU
		{DE9275FB-A0D8-4919-8A18-78673CCFBC51}.Debug|Any CPU.Build.0 = Debug|Any CPU
		{DE9275FB-A0D8-4919-8A18-78673CCFBC51}.Release|Any CPU.ActiveCfg = Release|Any CPU
		{DE9275FB-A0D8-4919-8A18-78673CCFBC51}.Release|Any CPU.Build.0 = Release|Any CPU
	EndGlobalSection
	GlobalSection(SolutionProperties) = preSolution
		HideSolutionNode = FALSE
	EndGlobalSection
	GlobalSection(ExtensibilityGlobals) = postSolution
		SolutionGuid = {464AE299-A2D8-41F0-9245-21C2E9F0F978}
	EndGlobalSection
EndGlobal
